
Microsoft Visual Studio Solution File, Format Version 11.00
# Visual Studio 2010
Project("{F088123C-0E9E-452A-89E6-6BA2F21D5CAC}") = "Models", "Models.modelproj", "{6731CFCD-BA81-484C-BE59-89418E980668}"
EndProject
Global
	GlobalSection(SolutionConfigurationPlatforms) = preSolution
		Debug|Any CPU = Debug|Any CPU
		Release|Any CPU = Release|Any CPU
	EndGlobalSection
	GlobalSection(ProjectConfigurationPlatforms) = postSolution
		{6731CFCD-BA81-484C-BE59-89418E980668}.Debug|Any CPU.ActiveCfg = Debug|Any CPU
		{6731CFCD-BA81-484C-BE59-89418E980668}.Debug|Any CPU.Build.0 = Debug|Any CPU
		{6731CFCD-BA81-484C-BE59-89418E980668}.Release|Any CPU.ActiveCfg = Release|Any CPU
		{6731CFCD-BA81-484C-BE59-89418E980668}.Release|Any CPU.Build.0 = Release|Any CPU
	EndGlobalSection
	GlobalSection(SolutionProperties) = preSolution
		HideSolutionNode = FALSE
	EndGlobalSection
EndGlobal
